
Microsoft Visual Studio Solution File, Format Version 12.00
# Visual Studio Version 17
VisualStudioVersion = 17.14.36414.22
MinimumVisualStudioVersion = 10.0.40219.1
Project("{FAE04EC0-301F-11D3-BF4B-00C04F79EFBC}") = "week2", "week2\week2.csproj", "{8E633F0F-9B38-4094-8298-A3FAACB45944}"
EndProject
Project("{FAE04EC0-301F-11D3-BF4B-00C04F79EFBC}") = "LearnMethods", "LearnMethods\LearnMethods.csproj", "{15AF22D5-9123-430E-BB8B-60F56081D2D3}"
EndProject
Project("{FAE04EC0-301F-11D3-BF4B-00C04F79EFBC}") = "TicTacToe", "TicTacToe\TicTacToe.csproj", "{D0700E4F-9624-4AD8-8EFF-4A7A873FAFFB}"
EndProject
Project("{FAE04EC0-301F-11D3-BF4B-00C04F79EFBC}") = "CardDealer", "CardDealer\CardDealer.csproj", "{5F8332B8-5AA1-4663-BAD3-D5F16823EE5B}"
EndProject
Project("{FAE04EC0-301F-11D3-BF4B-00C04F79EFBC}") = "DeckLibrary", "DeckLibrary\DeckLibrary.csproj", "{1FA17114-FA3B-4ADA-A15E-1025D63B55B5}"
EndProject
Global
	GlobalSection(SolutionConfigurationPlatforms) = preSolution
		Debug|Any CPU = Debug|Any CPU
		Release|Any CPU = Release|Any CPU
	EndGlobalSection
	GlobalSection(ProjectConfigurationPlatforms) = postSolution
		{8E633F0F-9B38-4094-8298-A3FAACB45944}.Debug|Any CPU.ActiveCfg = Debug|Any CPU
		{8E633F0F-9B38-4094-8298-A3FAACB45944}.Debug|Any CPU.Build.0 = Debug|Any CPU
		{8E633F0F-9B38-4094-8298-A3FAACB45944}.Release|Any CPU.ActiveCfg = Release|Any CPU
		{8E633F0F-9B38-4094-8298-A3FAACB45944}.Release|Any CPU.Build.0 = Release|Any CPU
		{15AF22D5-9123-430E-BB8B-60F56081D2D3}.Debug|Any CPU.ActiveCfg = Debug|Any CPU
		{15AF22D5-9123-430E-BB8B-60F56081D2D3}.Debug|Any CPU.Build.0 = Debug|Any CPU
		{15AF22D5-9123-430E-BB8B-60F56081D2D3}.Release|Any CPU.ActiveCfg = Release|Any CPU
		{15AF22D5-9123-430E-BB8B-60F56081D2D3}.Release|Any CPU.Build.0 = Release|Any CPU
		{D0700E4F-9624-4AD8-8EFF-4A7A873FAFFB}.Debug|Any CPU.ActiveCfg = Debug|Any CPU
		{D0700E4F-9624-4AD8-8EFF-4A7A873FAFFB}.Debug|Any CPU.Build.0 = Debug|Any CPU
		{D0700E4F-9624-4AD8-8EFF-4A7A873FAFFB}.Release|Any CPU.ActiveCfg = Release|Any CPU
		{D0700E4F-9624-4AD8-8EFF-4A7A873FAFFB}.Release|Any CPU.Build.0 = Release|Any CPU
		{5F8332B8-5AA1-4663-BAD3-D5F16823EE5B}.Debug|Any CPU.ActiveCfg = Debug|Any CPU
		{5F8332B8-5AA1-4663-BAD3-D5F16823EE5B}.Debug|Any CPU.Build.0 = Debug|Any CPU
		{5F8332B8-5AA1-4663-BAD3-D5F16823EE5B}.Release|Any CPU.ActiveCfg = Release|Any CPU
		{5F8332B8-5AA1-4663-BAD3-D5F16823EE5B}.Release|Any CPU.Build.0 = Release|Any CPU
		{1FA17114-FA3B-4ADA-A15E-1025D63B55B5}.Debug|Any CPU.ActiveCfg = Debug|Any CPU
		{1FA17114-FA3B-4ADA-A15E-1025D63B55B5}.Debug|Any CPU.Build.0 = Debug|Any CPU
		{1FA17114-FA3B-4ADA-A15E-1025D63B55B5}.Release|Any CPU.ActiveCfg = Release|Any CPU
		{1FA17114-FA3B-4ADA-A15E-1025D63B55B5}.Release|Any CPU.Build.0 = Release|Any CPU
	EndGlobalSection
	GlobalSection(SolutionProperties) = preSolution
		HideSolutionNode = FALSE
	EndGlobalSection
	GlobalSection(ExtensibilityGlobals) = postSolution
		SolutionGuid = {EB992BAF-C59D-470E-8CD5-6F057DF8B4DB}
	EndGlobalSection
EndGlobal
